# @generated - this file is auto-generated by `mise lock` https://mise.jdx.dev/dev-tools/mise-lock.html

lockfile_version = 1

[[tools.node]]
version = "24.18.0"
backend = "core:node"
specifiers = ["24.18.0"]

[tools.node."platforms.linux-x64"]
checksum = "sha256:783130984963db7ba9cbd01089eaf2c2efb055c7c1693c943174b967b3050cb8"
url = "https://nodejs.org/dist/v24.18.0/node-v24.18.0-linux-x64.tar.gz"

[[tools.python]]
version = "3.14.6"
backend = "core:python"
specifiers = ["3.14.6"]

[tools.python."platforms.linux-x64"]
checksum = "sha256:ba960817e542642021135db330d875f410f4e14c64a62e2ae5faf3697ada08b2"
url = "https://github.com/astral-sh/python-build-standalone/releases/download/20260804/cpython-3.14.6+20260804-x86_64-unknown-linux-gnu-install_only_stripped.tar.gz"
provenance = "github-attestations"

[[tools.uv]]
version = "0.12.6"
backend = "aqua:astral-sh/uv"
specifiers = ["0.12.6"]

[tools.uv."platforms.linux-x64"]
checksum = "sha256:8681d8921e7d520fb368991dcf5f9c1905b80f5bf2a265a0ed085c8d8e342477"
url = "https://github.com/astral-sh/uv/releases/download/0.12.6/uv-x86_64-unknown-linux-gnu.tar.gz"
url_api = "https://api.github.com/repos/astral-sh/uv/releases/assets/529690831"
provenance = "github-attestations"
